// !$*UTF8*$!
{
	archiveVersion = 1;
	classes = {
	};
	objectVersion = 46;
	objects = {

/* Begin PBXBuildFile section */
		ED7C9136E2164ED7C3427D62 /* ContentView.swift in Sources */ = {isa = PBXBuildFile; fileRef = ED7C94FC91AEB8F99902D233 /* ContentView.swift */; };
		ED7C92380821F94FEC0AAD64 /* MySonicShakeUITests.swift in Sources */ = {isa = PBXBuildFile; fileRef = ED7C9123C47C415198AD5AA3 /* MySonicShakeUITests.swift */; };
		ED7C9386CDF8FD025AF6C727 /* MySonicShakeApp.swift in Sources */ = {isa = PBXBuildFile; fileRef = ED7C931666A748FA1E5FC310 /* MySonicShakeApp.swift */; };
		ED7C945CA5B256DE6071B61D /* main.swift in Sources */ = {isa = PBXBuildFile; fileRef = ED7C9346330421889ADAD7CC /* main.swift */; };
		ED7C96C1F9945E74DB1FA9F7 /* Assets.xcassets in Resources */ = {isa = PBXBuildFile; fileRef = ED7C94F0EB1C6AFE68DF5496 /* Assets.xcassets */; };
		ED7C993432C4B9AAA4E09828 /* MySonicShakeTests.swift in Sources */ = {isa = PBXBuildFile; fileRef = ED7C9E6C7E232E8C7DE4525A /* MySonicShakeTests.swift */; };
		ED7C9D8333C01612C0EC6BA8 /* MySonicShakeUITestsLaunchTests.swift in Sources */ = {isa = PBXBuildFile; fileRef = ED7C971889B7978A4D3C760C /* MySonicShakeUITestsLaunchTests.swift */; };
		ED7C9EE4D967C8B7951A8F23 /* Preview Assets.xcassets in Resources */ = {isa = PBXBuildFile; fileRef = ED7C9E7B89A001DFE338B42A /* Preview Assets.xcassets */; };
/* End PBXBuildFile section */

/* Begin PBXContainerItemProxy section */
		ED7C94497EF4D16DC83DDA51 /* PBXContainerItemProxy */ = {
			isa = PBXContainerItemProxy;
			containerPortal = ED7C97678CC0EA3CE1C781E3 /* Project object */;
			proxyType = 1;
			remoteGlobalIDString = ED7C95AD16D760F3BAE06942;
			remoteInfo = MySonicShake;
		};
		ED7C9B37DAEA41C18086F4F3 /* PBXContainerItemProxy */ = {
			isa = PBXContainerItemProxy;
			containerPortal = ED7C97678CC0EA3CE1C781E3 /* Project object */;
			proxyType = 1;
			remoteGlobalIDString = ED7C95AD16D760F3BAE06942;
			remoteInfo = MySonicShake;
		};
/* End PBXContainerItemProxy section */

/* Begin PBXFileReference section */
		ED7C9123C47C415198AD5AA3 /* MySonicShakeUITests.swift */ = {isa = PBXFileReference; lastKnownFileType = sourcecode.swift; path = MySonicShakeUITests.swift; sourceTree = "<group>"; };
		ED7C931666A748FA1E5FC310 /* MySonicShakeApp.swift */ = {isa = PBXFileReference; lastKnownFileType = sourcecode.swift; path = MySonicShakeApp.swift; sourceTree = "<group>"; };
		ED7C9346330421889ADAD7CC /* main.swift */ = {isa = PBXFileReference; fileEncoding = 4; lastKnownFileType = sourcecode.swift; path = main.swift; sourceTree = "<group>"; };
		ED7C94F0EB1C6AFE68DF5496 /* Assets.xcassets */ = {isa = PBXFileReference; lastKnownFileType = folder.assetcatalog; path = Assets.xcassets; sourceTree = "<group>"; };
		ED7C94FC91AEB8F99902D233 /* ContentView.swift */ = {isa = PBXFileReference; lastKnownFileType = sourcecode.swift; path = ContentView.swift; sourceTree = "<group>"; };
		ED7C971889B7978A4D3C760C /* MySonicShakeUITestsLaunchTests.swift */ = {isa = PBXFileReference; lastKnownFileType = sourcecode.swift; path = MySonicShakeUITestsLaunchTests.swift; sourceTree = "<group>"; };
		ED7C993007372D247B748273 /* MySonicShakeUITests.xctest */ = {isa = PBXFileReference; explicitFileType = wrapper.cfbundle; includeInIndex = 0; path = MySonicShakeUITests.xctest; sourceTree = BUILT_PRODUCTS_DIR; };
		ED7C9D5C7AE2C8C93D1E4BDB /* MySonicShakeTests.xctest */ = {isa = PBXFileReference; explicitFileType = wrapper.cfbundle; includeInIndex = 0; path = MySonicShakeTests.xctest; sourceTree = BUILT_PRODUCTS_DIR; };
		ED7C9E5BE6955DF2F0BDEE73 /* MySonicShake.app */ = {isa = PBXFileReference; explicitFileType = wrapper.application; includeInIndex = 0; path = MySonicShake.app; sourceTree = BUILT_PRODUCTS_DIR; };
		ED7C9E6C7E232E8C7DE4525A /* MySonicShakeTests.swift */ = {isa = PBXFileReference; lastKnownFileType = sourcecode.swift; path = MySonicShakeTests.swift; sourceTree = "<group>"; };
		ED7C9E7B89A001DFE338B42A /* Preview Assets.xcassets */ = {isa = PBXFileReference; lastKnownFileType = folder.assetcatalog; path = "Preview Assets.xcassets"; sourceTree = "<group>"; };
/* End PBXFileReference section */

/* Begin PBXFrameworksBuildPhase section */
		ED7C900846D22B728E9B5D34 /* Frameworks */ = {
			isa = PBXFrameworksBuildPhase;
			buildActionMask = 2147483647;
			files = (
			);
			runOnlyForDeploymentPostprocessing = 0;
		};
		ED7C92CE1A5A541C5DB864D2 /* Frameworks */ = {
			isa = PBXFrameworksBuildPhase;
			buildActionMask = 2147483647;
			files = (
			);
			runOnlyForDeploymentPostprocessing = 0;
		};
		ED7C9FC1C30D4797C882865B /* Frameworks */ = {
			isa = PBXFrameworksBuildPhase;
			buildActionMask = 2147483647;
			files = (
			);
			runOnlyForDeploymentPostprocessing = 0;
		};
/* End PBXFrameworksBuildPhase section */

/* Begin PBXGroup section */
		ED7C911891E745D9E9C313DA /* MySonicShakeTests */ = {
			isa = PBXGroup;
			children = (
				ED7C9E6C7E232E8C7DE4525A /* MySonicShakeTests.swift */,
			);
			path = MySonicShakeTests;
			sourceTree = "<group>";
		};
		ED7C945F36D15A42F455C1E4 = {
			isa = PBXGroup;
			children = (
				ED7C9E705BC4677252F39381 /* Products */,
				ED7C9C8B095993A89C20E951 /* MySonicShake */,
				ED7C911891E745D9E9C313DA /* MySonicShakeTests */,
				ED7C95D7C077FF6DECB668C4 /* MySonicShakeUITests */,
				ED7C9346330421889ADAD7CC /* main.swift */,
			);
			sourceTree = "<group>";
		};
		ED7C95D7C077FF6DECB668C4 /* MySonicShakeUITests */ = {
			isa = PBXGroup;
			children = (
				ED7C9123C47C415198AD5AA3 /* MySonicShakeUITests.swift */,
				ED7C971889B7978A4D3C760C /* MySonicShakeUITestsLaunchTests.swift */,
			);
			path = MySonicShakeUITests;
			sourceTree = "<group>";
		};
		ED7C990B856172964167CE20 /* Preview Content */ = {
			isa = PBXGroup;
			children = (
				ED7C9E7B89A001DFE338B42A /* Preview Assets.xcassets */,
			);
			path = "Preview Content";
			sourceTree = "<group>";
		};
		ED7C9C8B095993A89C20E951 /* MySonicShake */ = {
			isa = PBXGroup;
			children = (
				ED7C94F0EB1C6AFE68DF5496 /* Assets.xcassets */,
				ED7C990B856172964167CE20 /* Preview Content */,
				ED7C931666A748FA1E5FC310 /* MySonicShakeApp.swift */,
				ED7C94FC91AEB8F99902D233 /* ContentView.swift */,
			);
			path = MySonicShake;
			sourceTree = "<group>";
		};
		ED7C9E705BC4677252F39381 /* Products */ = {
			isa = PBXGroup;
			children = (
				ED7C9E5BE6955DF2F0BDEE73 /* MySonicShake.app */,
				ED7C9D5C7AE2C8C93D1E4BDB /* MySonicShakeTests.xctest */,
				ED7C993007372D247B748273 /* MySonicShakeUITests.xctest */,
			);
			name = Products;
			sourceTree = "<group>";
		};
/* End PBXGroup section */

/* Begin PBXNativeTarget section */
		ED7C95AD16D760F3BAE06942 /* MySonicShake */ = {
			isa = PBXNativeTarget;
			buildConfigurationList = ED7C93C0A6C4CE3936AC80EB /* Build configuration list for PBXNativeTarget "MySonicShake" */;
			buildPhases = (
				ED7C9534DAE7ADD579BF3D3E /* Sources */,
				ED7C900846D22B728E9B5D34 /* Frameworks */,
				ED7C943655BB80E91C490A28 /* Resources */,
			);
			buildRules = (
			);
			dependencies = (
			);
			name = MySonicShake;
			productName = MySonicShake;
			productReference = ED7C9E5BE6955DF2F0BDEE73 /* MySonicShake.app */;
			productType = "com.apple.product-type.application";
		};
		ED7C974D86B3D15C30A93EA1 /* MySonicShakeTests */ = {
			isa = PBXNativeTarget;
			buildConfigurationList = ED7C94AC90504AAC1478BDF6 /* Build configuration list for PBXNativeTarget "MySonicShakeTests" */;
			buildPhases = (
				ED7C9A51AF7069E9C779689D /* Sources */,
				ED7C9FC1C30D4797C882865B /* Frameworks */,
				ED7C9A205EBC2D2DB5C4A51B /* Resources */,
			);
			buildRules = (
			);
			dependencies = (
				ED7C9D0AA96DF15C6BD890AD /* PBXTargetDependency */,
			);
			name = MySonicShakeTests;
			productName = MySonicShakeTests;
			productReference = ED7C9D5C7AE2C8C93D1E4BDB /* MySonicShakeTests.xctest */;
			productType = "com.apple.product-type.bundle.unit-test";
		};
		ED7C9B674CE1D786CD34AFEF /* MySonicShakeUITests */ = {
			isa = PBXNativeTarget;
			buildConfigurationList = ED7C999250CED5B03D4257ED /* Build configuration list for PBXNativeTarget "MySonicShakeUITests" */;
			buildPhases = (
				ED7C9F66893FC3E999206837 /* Sources */,
				ED7C92CE1A5A541C5DB864D2 /* Frameworks */,
				ED7C960B4E8270C976277D83 /* Resources */,
			);
			buildRules = (
			);
			dependencies = (
				ED7C93B6C5F1C8D85F99EF2C /* PBXTargetDependency */,
			);
			name = MySonicShakeUITests;
			productName = MySonicShakeUITests;
			productReference = ED7C993007372D247B748273 /* MySonicShakeUITests.xctest */;
			productType = "com.apple.product-type.bundle.ui-testing";
		};
/* End PBXNativeTarget section */

/* Begin PBXProject section */
		ED7C97678CC0EA3CE1C781E3 /* Project object */ = {
			isa = PBXProject;
			buildConfigurationList = ED7C9C9ACF88281F7DB41C56 /* Build configuration list for PBXProject "MySonicShake" */;
			compatibilityVersion = "Xcode 3.2";
			developmentRegion = English;
			hasScannedForEncodings = 0;
			knownRegions = (
				en,
			);
			mainGroup = ED7C945F36D15A42F455C1E4;
			productRefGroup = ED7C9E705BC4677252F39381 /* Products */;
			projectDirPath = "";
			projectRoot = "";
			targets = (
				ED7C95AD16D760F3BAE06942 /* MySonicShake */,
				ED7C974D86B3D15C30A93EA1 /* MySonicShakeTests */,
				ED7C9B674CE1D786CD34AFEF /* MySonicShakeUITests */,
			);
		};
/* End PBXProject section */

/* Begin PBXResourcesBuildPhase section */
		ED7C943655BB80E91C490A28 /* Resources */ = {
			isa = PBXResourcesBuildPhase;
			buildActionMask = 2147483647;
			files = (
				ED7C96C1F9945E74DB1FA9F7 /* Assets.xcassets in Resources */,
				ED7C9EE4D967C8B7951A8F23 /* Preview Assets.xcassets in Resources */,
			);
			runOnlyForDeploymentPostprocessing = 0;
		};
		ED7C960B4E8270C976277D83 /* Resources */ = {
			isa = PBXResourcesBuildPhase;
			buildActionMask = 2147483647;
			files = (
			);
			runOnlyForDeploymentPostprocessing = 0;
		};
		ED7C9A205EBC2D2DB5C4A51B /* Resources */ = {
			isa = PBXResourcesBuildPhase;
			buildActionMask = 2147483647;
			files = (
			);
			runOnlyForDeploymentPostprocessing = 0;
		};
/* End PBXResourcesBuildPhase section */

/* Begin PBXSourcesBuildPhase section */
		ED7C9534DAE7ADD579BF3D3E /* Sources */ = {
			isa = PBXSourcesBuildPhase;
			buildActionMask = 2147483647;
			files = (
				ED7C9386CDF8FD025AF6C727 /* MySonicShakeApp.swift in Sources */,
				ED7C9136E2164ED7C3427D62 /* ContentView.swift in Sources */,
				ED7C945CA5B256DE6071B61D /* main.swift in Sources */,
			);
			runOnlyForDeploymentPostprocessing = 0;
		};
		ED7C9A51AF7069E9C779689D /* Sources */ = {
			isa = PBXSourcesBuildPhase;
			buildActionMask = 2147483647;
			files = (
				ED7C993432C4B9AAA4E09828 /* MySonicShakeTests.swift in Sources */,
			);
			runOnlyForDeploymentPostprocessing = 0;
		};
		ED7C9F66893FC3E999206837 /* Sources */ = {
			isa = PBXSourcesBuildPhase;
			buildActionMask = 2147483647;
			files = (
				ED7C92380821F94FEC0AAD64 /* MySonicShakeUITests.swift in Sources */,
				ED7C9D8333C01612C0EC6BA8 /* MySonicShakeUITestsLaunchTests.swift in Sources */,
			);
			runOnlyForDeploymentPostprocessing = 0;
		};
/* End PBXSourcesBuildPhase section */

/* Begin PBXTargetDependency section */
		ED7C93B6C5F1C8D85F99EF2C /* PBXTargetDependency */ = {
			isa = PBXTargetDependency;
			target = ED7C95AD16D760F3BAE06942 /* MySonicShake */;
			targetProxy = ED7C9B37DAEA41C18086F4F3 /* PBXContainerItemProxy */;
		};
		ED7C9D0AA96DF15C6BD890AD /* PBXTargetDependency */ = {
			isa = PBXTargetDependency;
			target = ED7C95AD16D760F3BAE06942 /* MySonicShake */;
			targetProxy = ED7C94497EF4D16DC83DDA51 /* PBXContainerItemProxy */;
		};
/* End PBXTargetDependency section */

/* Begin XCBuildConfiguration section */
		ED7C902154AFE4423FE6C24F /* Release */ = {
			isa = XCBuildConfiguration;
			buildSettings = {
				ALWAYS_SEARCH_USER_PATHS = NO;
				CLANG_ANALYZER_NONNULL = YES;
				CLANG_ANALYZER_NUMBER_OBJECT_CONVERSION = YES_AGGRESSIVE;
				CLANG_CXX_LANGUAGE_STANDARD = "gnu++17";
				CLANG_ENABLE_MODULES = YES;
				CLANG_ENABLE_OBJC_ARC = YES;
				CLANG_ENABLE_OBJC_WEAK = YES;
				CLANG_WARN_BLOCK_CAPTURE_AUTORELEASING = YES;
				CLANG_WARN_BOOL_CONVERSION = YES;
				CLANG_WARN_COMMA = YES;
				CLANG_WARN_CONSTANT_CONVERSION = YES;
				CLANG_WARN_DEPRECATED_OBJC_IMPLEMENTATIONS = YES;
				CLANG_WARN_DIRECT_OBJC_ISA_USAGE = YES_ERROR;
				CLANG_WARN_DOCUMENTATION_COMMENTS = YES;
				CLANG_WARN_EMPTY_BODY = YES;
				CLANG_WARN_ENUM_CONVERSION = YES;
				CLANG_WARN_INFINITE_RECURSION = YES;
				CLANG_WARN_INT_CONVERSION = YES;
				CLANG_WARN_NON_LITERAL_NULL_CONVERSION = YES;
				CLANG_WARN_OBJC_IMPLICIT_RETAIN_SELF = YES;
				CLANG_WARN_OBJC_LITERAL_CONVERSION = YES;
				CLANG_WARN_OBJC_ROOT_CLASS = YES_ERROR;
				CLANG_WARN_QUOTED_INCLUDE_IN_FRAMEWORK_HEADER = YES;
				CLANG_WARN_RANGE_LOOP_ANALYSIS = YES;
				CLANG_WARN_STRICT_PROTOTYPES = YES;
				CLANG_WARN_SUSPICIOUS_MOVE = YES;
				CLANG_WARN_UNGUARDED_AVAILABILITY = YES_AGGRESSIVE;
				CLANG_WARN_UNREACHABLE_CODE = YES;
				CLANG_WARN__DUPLICATE_METHOD_MATCH = YES;
				COPY_PHASE_STRIP = NO;
				DEBUG_INFORMATION_FORMAT = "dwarf-with-dsym";
				ENABLE_NS_ASSERTIONS = NO;
				ENABLE_STRICT_OBJC_MSGSEND = YES;
				GCC_C_LANGUAGE_STANDARD = gnu11;
				GCC_NO_COMMON_BLOCKS = YES;
				GCC_WARN_64_TO_32_BIT_CONVERSION = YES;
				GCC_WARN_ABOUT_RETURN_TYPE = YES_ERROR;
				GCC_WARN_UNDECLARED_SELECTOR = YES;
				GCC_WARN_UNINITIALIZED_AUTOS = YES_AGGRESSIVE;
				GCC_WARN_UNUSED_FUNCTION = YES;
				GCC_WARN_UNUSED_VARIABLE = YES;
				IPHONEOS_DEPLOYMENT_TARGET = 15.5;
				MTL_ENABLE_DEBUG_INFO = NO;
				MTL_FAST_MATH = YES;
				SDKROOT = iphoneos;
				SWIFT_COMPILATION_MODE = wholemodule;
				SWIFT_OPTIMIZATION_LEVEL = "-O";
				VALIDATE_PRODUCT = YES;
			};
			name = Release;
		};
		ED7C9230543C32B0B0868A85 /* Debug */ = {
			isa = XCBuildConfiguration;
			buildSettings = {
				ASSETCATALOG_COMPILER_APPICON_NAME = AppIcon;
				ASSETCATALOG_COMPILER_GLOBAL_ACCENT_COLOR_NAME = AccentColor;
				CURRENT_PROJECT_VERSION = 1;
				DEVELOPMENT_ASSET_PATHS = "\"MySonicShake/Preview Content\"";
				ENABLE_PREVIEWS = YES;
				GENERATE_INFOPLIST_FILE = YES;
				INFOPLIST_KEY_UIApplicationSceneManifest_Generation = YES;
				INFOPLIST_KEY_UIApplicationSupportsIndirectInputEvents = YES;
				INFOPLIST_KEY_UILaunchScreen_Generation = YES;
				INFOPLIST_KEY_UISupportedInterfaceOrientations_iPad = "UIInterfaceOrientationPortrait UIInterfaceOrientationPortraitUpsideDown UIInterfaceOrientationLandscapeLeft UIInterfaceOrientationLandscapeRight";
				INFOPLIST_KEY_UISupportedInterfaceOrientations_iPhone = "UIInterfaceOrientationPortrait UIInterfaceOrientationLandscapeLeft UIInterfaceOrientationLandscapeRight";
				LD_RUNPATH_SEARCH_PATHS = "$(inherited) @executable_path/Frameworks";
				MARKETING_VERSION = 1.0;
				PRODUCT_BUNDLE_IDENTIFIER = MarvishChandra.MySonicShake;
				PRODUCT_NAME = "$(TARGET_NAME)";
				SWIFT_EMIT_LOC_STRINGS = YES;
				SWIFT_VERSION = 5.0;
				TARGETED_DEVICE_FAMILY = "1,2";
			};
			name = Debug;
		};
		ED7C92A88BD67E34119BE434 /* Debug */ = {
			isa = XCBuildConfiguration;
			buildSettings = {
				ALWAYS_SEARCH_USER_PATHS = NO;
				CLANG_ANALYZER_NONNULL = YES;
				CLANG_ANALYZER_NUMBER_OBJECT_CONVERSION = YES_AGGRESSIVE;
				CLANG_CXX_LANGUAGE_STANDARD = "gnu++17";
				CLANG_ENABLE_MODULES = YES;
				CLANG_ENABLE_OBJC_ARC = YES;
				CLANG_ENABLE_OBJC_WEAK = YES;
				CLANG_WARN_BLOCK_CAPTURE_AUTORELEASING = YES;
				CLANG_WARN_BOOL_CONVERSION = YES;
				CLANG_WARN_COMMA = YES;
				CLANG_WARN_CONSTANT_CONVERSION = YES;
				CLANG_WARN_DEPRECATED_OBJC_IMPLEMENTATIONS = YES;
				CLANG_WARN_DIRECT_OBJC_ISA_USAGE = YES_ERROR;
				CLANG_WARN_DOCUMENTATION_COMMENTS = YES;
				CLANG_WARN_EMPTY_BODY = YES;
				CLANG_WARN_ENUM_CONVERSION = YES;
				CLANG_WARN_INFINITE_RECURSION = YES;
				CLANG_WARN_INT_CONVERSION = YES;
				CLANG_WARN_NON_LITERAL_NULL_CONVERSION = YES;
				CLANG_WARN_OBJC_IMPLICIT_RETAIN_SELF = YES;
				CLANG_WARN_OBJC_LITERAL_CONVERSION = YES;
				CLANG_WARN_OBJC_ROOT_CLASS = YES_ERROR;
				CLANG_WARN_QUOTED_INCLUDE_IN_FRAMEWORK_HEADER = YES;
				CLANG_WARN_RANGE_LOOP_ANALYSIS = YES;
				CLANG_WARN_STRICT_PROTOTYPES = YES;
				CLANG_WARN_SUSPICIOUS_MOVE = YES;
				CLANG_WARN_UNGUARDED_AVAILABILITY = YES_AGGRESSIVE;
				CLANG_WARN_UNREACHABLE_CODE = YES;
				CLANG_WARN__DUPLICATE_METHOD_MATCH = YES;
				COPY_PHASE_STRIP = NO;
				DEBUG_INFORMATION_FORMAT = dwarf;
				ENABLE_STRICT_OBJC_MSGSEND = YES;
				ENABLE_TESTABILITY = YES;
				GCC_C_LANGUAGE_STANDARD = gnu11;
				GCC_DYNAMIC_NO_PIC = NO;
				GCC_NO_COMMON_BLOCKS = YES;
				GCC_OPTIMIZATION_LEVEL = 0;
				GCC_PREPROCESSOR_DEFINITIONS = (
					"DEBUG=1",
					"$(inherited)",
				);
				GCC_WARN_64_TO_32_BIT_CONVERSION = YES;
				GCC_WARN_ABOUT_RETURN_TYPE = YES_ERROR;
				GCC_WARN_UNDECLARED_SELECTOR = YES;
				GCC_WARN_UNINITIALIZED_AUTOS = YES_AGGRESSIVE;
				GCC_WARN_UNUSED_FUNCTION = YES;
				GCC_WARN_UNUSED_VARIABLE = YES;
				IPHONEOS_DEPLOYMENT_TARGET = 15.5;
				MTL_ENABLE_DEBUG_INFO = INCLUDE_SOURCE;
				MTL_FAST_MATH = YES;
				ONLY_ACTIVE_ARCH = YES;
				SDKROOT = iphoneos;
				SWIFT_ACTIVE_COMPILATION_CONDITIONS = DEBUG;
				SWIFT_OPTIMIZATION_LEVEL = "-Onone";
			};
			name = Debug;
		};
		ED7C95E32B2D6DD4890E2F8B /* Release */ = {
			isa = XCBuildConfiguration;
			buildSettings = {
				ASSETCATALOG_COMPILER_APPICON_NAME = AppIcon;
				ASSETCATALOG_COMPILER_GLOBAL_ACCENT_COLOR_NAME = AccentColor;
				CURRENT_PROJECT_VERSION = 1;
				DEVELOPMENT_ASSET_PATHS = "\"MySonicShake/Preview Content\"";
				ENABLE_PREVIEWS = YES;
				GENERATE_INFOPLIST_FILE = YES;
				INFOPLIST_KEY_UIApplicationSceneManifest_Generation = YES;
				INFOPLIST_KEY_UIApplicationSupportsIndirectInputEvents = YES;
				INFOPLIST_KEY_UILaunchScreen_Generation = YES;
				INFOPLIST_KEY_UISupportedInterfaceOrientations_iPad = "UIInterfaceOrientationPortrait UIInterfaceOrientationPortraitUpsideDown UIInterfaceOrientationLandscapeLeft UIInterfaceOrientationLandscapeRight";
				INFOPLIST_KEY_UISupportedInterfaceOrientations_iPhone = "UIInterfaceOrientationPortrait UIInterfaceOrientationLandscapeLeft UIInterfaceOrientationLandscapeRight";
				LD_RUNPATH_SEARCH_PATHS = "$(inherited) @executable_path/Frameworks";
				MARKETING_VERSION = 1.0;
				PRODUCT_BUNDLE_IDENTIFIER = MarvishChandra.MySonicShake;
				PRODUCT_NAME = "$(TARGET_NAME)";
				SWIFT_EMIT_LOC_STRINGS = YES;
				SWIFT_VERSION = 5.0;
				TARGETED_DEVICE_FAMILY = "1,2";
			};
			name = Release;
		};
		ED7C9AF18BB10EF644F16B4D /* Debug */ = {
			isa = XCBuildConfiguration;
			buildSettings = {
				BUNDLE_LOADER = "$(BUILT_PRODUCTS_DIR)/MySonicShake.app/MySonicShake";
				CURRENT_PROJECT_VERSION = 1;
				GENERATE_INFOPLIST_FILE = YES;
				MARKETING_VERSION = 1.0;
				PRODUCT_BUNDLE_IDENTIFIER = MarvishChandra.MySonicShakeTests;
				PRODUCT_NAME = "$(TARGET_NAME)";
				SWIFT_EMIT_LOC_STRINGS = NO;
				SWIFT_VERSION = 5.0;
				TARGETED_DEVICE_FAMILY = "1,2";
				TEST_HOST = "$(BUNDLE_LOADER)";
			};
			name = Debug;
		};
		ED7C9C2A278C4D119584AF3B /* Debug */ = {
			isa = XCBuildConfiguration;
			buildSettings = {
				CURRENT_PROJECT_VERSION = 1;
				GENERATE_INFOPLIST_FILE = YES;
				MARKETING_VERSION = 1.0;
				PRODUCT_BUNDLE_IDENTIFIER = MarvishChandra.MySonicShakeUITests;
				PRODUCT_NAME = "$(TARGET_NAME)";
				SWIFT_EMIT_LOC_STRINGS = NO;
				SWIFT_VERSION = 5.0;
				TARGETED_DEVICE_FAMILY = "1,2";
				TEST_TARGET_NAME = MySonicShake;
			};
			name = Debug;
		};
		ED7C9C7F0443B2367C247869 /* Release */ = {
			isa = XCBuildConfiguration;
			buildSettings = {
				BUNDLE_LOADER = "$(BUILT_PRODUCTS_DIR)/MySonicShake.app/MySonicShake";
				CURRENT_PROJECT_VERSION = 1;
				GENERATE_INFOPLIST_FILE = YES;
				MARKETING_VERSION = 1.0;
				PRODUCT_BUNDLE_IDENTIFIER = MarvishChandra.MySonicShakeTests;
				PRODUCT_NAME = "$(TARGET_NAME)";
				SWIFT_EMIT_LOC_STRINGS = NO;
				SWIFT_VERSION = 5.0;
				TARGETED_DEVICE_FAMILY = "1,2";
				TEST_HOST = "$(BUNDLE_LOADER)";
			};
			name = Release;
		};
		ED7C9E652747B258CD3B0114 /* Release */ = {
			isa = XCBuildConfiguration;
			buildSettings = {
				CURRENT_PROJECT_VERSION = 1;
				GENERATE_INFOPLIST_FILE = YES;
				MARKETING_VERSION = 1.0;
				PRODUCT_BUNDLE_IDENTIFIER = MarvishChandra.MySonicShakeUITests;
				PRODUCT_NAME = "$(TARGET_NAME)";
				SWIFT_EMIT_LOC_STRINGS = NO;
				SWIFT_VERSION = 5.0;
				TARGETED_DEVICE_FAMILY = "1,2";
				TEST_TARGET_NAME = MySonicShake;
			};
			name = Release;
		};
/* End XCBuildConfiguration section */

/* Begin XCConfigurationList section */
		ED7C93C0A6C4CE3936AC80EB /* Build configuration list for PBXNativeTarget "MySonicShake" */ = {
			isa = XCConfigurationList;
			buildConfigurations = (
				ED7C9230543C32B0B0868A85 /* Debug */,
				ED7C95E32B2D6DD4890E2F8B /* Release */,
			);
			defaultConfigurationIsVisible = 0;
		};
		ED7C94AC90504AAC1478BDF6 /* Build configuration list for PBXNativeTarget "MySonicShakeTests" */ = {
			isa = XCConfigurationList;
			buildConfigurations = (
				ED7C9AF18BB10EF644F16B4D /* Debug */,
				ED7C9C7F0443B2367C247869 /* Release */,
			);
			defaultConfigurationIsVisible = 0;
		};
		ED7C999250CED5B03D4257ED /* Build configuration list for PBXNativeTarget "MySonicShakeUITests" */ = {
			isa = XCConfigurationList;
			buildConfigurations = (
				ED7C9C2A278C4D119584AF3B /* Debug */,
				ED7C9E652747B258CD3B0114 /* Release */,
			);
			defaultConfigurationIsVisible = 0;
		};
		ED7C9C9ACF88281F7DB41C56 /* Build configuration list for PBXProject "MySonicShake" */ = {
			isa = XCConfigurationList;
			buildConfigurations = (
				ED7C92A88BD67E34119BE434 /* Debug */,
				ED7C902154AFE4423FE6C24F /* Release */,
			);
			defaultConfigurationIsVisible = 0;
			defaultConfigurationName = Release;
		};
/* End XCConfigurationList section */
	};
	rootObject = ED7C97678CC0EA3CE1C781E3 /* Project object */;
}
